// !$*UTF8*$!
{
	archiveVersion = 1;
	classes = {
	};
	objectVersion = 55;
	objects = {

/* Begin PBXBuildFile section */
		788FF0BD27DF193900E775B2 /* WeatherAppApp.swift in Sources */ = {isa = PBXBuildFile; fileRef = 788FF0BC27DF193900E775B2 /* WeatherAppApp.swift */; };
		788FF0BF27DF193900E775B2 /* ContentView.swift in Sources */ = {isa = PBXBuildFile; fileRef = 788FF0BE27DF193900E775B2 /* ContentView.swift */; };
		788FF0C127DF193E00E775B2 /* Assets.xcassets in Resources */ = {isa = PBXBuildFile; fileRef = 788FF0C027DF193E00E775B2 /* Assets.xcassets */; };
		788FF0C427DF193E00E775B2 /* Preview Assets.xcassets in Resources */ = {isa = PBXBuildFile; fileRef = 788FF0C327DF193E00E775B2 /* Preview Assets.xcassets */; };
		788FF0CC27DF1B8D00E775B2 /* LocationManager.swift in Sources */ = {isa = PBXBuildFile; fileRef = 788FF0CB27DF1B8D00E775B2 /* LocationManager.swift */; };
		788FF0CF27DF1E7900E775B2 /* WelcomeView.swift in Sources */ = {isa = PBXBuildFile; fileRef = 788FF0CE27DF1E7900E775B2 /* WelcomeView.swift */; };
		788FF0D127DF2AA000E775B2 /* LoadingView.swift in Sources */ = {isa = PBXBuildFile; fileRef = 788FF0D027DF2AA000E775B2 /* LoadingView.swift */; };
		788FF0D327DF2D1300E775B2 /* WeatherManager.swift in Sources */ = {isa = PBXBuildFile; fileRef = 788FF0D227DF2D1300E775B2 /* WeatherManager.swift */; };
		788FF0D527E0780E00E775B2 /* WeatherView.swift in Sources */ = {isa = PBXBuildFile; fileRef = 788FF0D427E0780E00E775B2 /* WeatherView.swift */; };
		788FF0D727E078DC00E775B2 /* ModelData.swift in Sources */ = {isa = PBXBuildFile; fileRef = 788FF0D627E078DC00E775B2 /* ModelData.swift */; };
		788FF0D927E0795F00E775B2 /* weatherData.json in Resources */ = {isa = PBXBuildFile; fileRef = 788FF0D827E0795F00E775B2 /* weatherData.json */; };
		788FF0DB27E07BA800E775B2 /* Extension.swift in Sources */ = {isa = PBXBuildFile; fileRef = 788FF0DA27E07BA800E775B2 /* Extension.swift */; };
/* End PBXBuildFile section */

/* Begin PBXFileReference section */
		788FF0B927DF193900E775B2 /* WeatherApp.app */ = {isa = PBXFileReference; explicitFileType = wrapper.application; includeInIndex = 0; path = WeatherApp.app; sourceTree = BUILT_PRODUCTS_DIR; };
		788FF0BC27DF193900E775B2 /* WeatherAppApp.swift */ = {isa = PBXFileReference; lastKnownFileType = sourcecode.swift; path = WeatherAppApp.swift; sourceTree = "<group>"; };
		788FF0BE27DF193900E775B2 /* ContentView.swift */ = {isa = PBXFileReference; lastKnownFileType = sourcecode.swift; path = ContentView.swift; sourceTree = "<group>"; };
		788FF0C027DF193E00E775B2 /* Assets.xcassets */ = {isa = PBXFileReference; lastKnownFileType = folder.assetcatalog; path = Assets.xcassets; sourceTree = "<group>"; };
		788FF0C327DF193E00E775B2 /* Preview Assets.xcassets */ = {isa = PBXFileReference; lastKnownFileType = folder.assetcatalog; path = "Preview Assets.xcassets"; sourceTree = "<group>"; };
		788FF0CB27DF1B8D00E775B2 /* LocationManager.swift */ = {isa = PBXFileReference; lastKnownFileType = sourcecode.swift; path = LocationManager.swift; sourceTree = "<group>"; };
		788FF0CE27DF1E7900E775B2 /* WelcomeView.swift */ = {isa = PBXFileReference; lastKnownFileType = sourcecode.swift; path = WelcomeView.swift; sourceTree = "<group>"; };
		788FF0D027DF2AA000E775B2 /* LoadingView.swift */ = {isa = PBXFileReference; lastKnownFileType = sourcecode.swift; path = LoadingView.swift; sourceTree = "<group>"; };
		788FF0D227DF2D1300E775B2 /* WeatherManager.swift */ = {isa = PBXFileReference; lastKnownFileType = sourcecode.swift; path = WeatherManager.swift; sourceTree = "<group>"; };
		788FF0D427E0780E00E775B2 /* WeatherView.swift */ = {isa = PBXFileReference; lastKnownFileType = sourcecode.swift; path = WeatherView.swift; sourceTree = "<group>"; };
		788FF0D627E078DC00E775B2 /* ModelData.swift */ = {isa = PBXFileReference; lastKnownFileType = sourcecode.swift; path = ModelData.swift; sourceTree = "<group>"; };
		788FF0D827E0795F00E775B2 /* weatherData.json */ = {isa = PBXFileReference; lastKnownFileType = text.json; path = weatherData.json; sourceTree = "<group>"; };
		788FF0DA27E07BA800E775B2 /* Extension.swift */ = {isa = PBXFileReference; lastKnownFileType = sourcecode.swift; path = Extension.swift; sourceTree = "<group>"; };
/* End PBXFileReference section */

/* Begin PBXFrameworksBuildPhase section */
		788FF0B627DF193900E775B2 /* Frameworks */ = {
			isa = PBXFrameworksBuildPhase;
			buildActionMask = 2147483647;
			files = (
			);
			runOnlyForDeploymentPostprocessing = 0;
		};
/* End PBXFrameworksBuildPhase section */

/* Begin PBXGroup section */
		788FF0B027DF193900E775B2 = {
			isa = PBXGroup;
			children = (
				788FF0BB27DF193900E775B2 /* WeatherApp */,
				788FF0BA27DF193900E775B2 /* Products */,
			);
			sourceTree = "<group>";
		};
		788FF0BA27DF193900E775B2 /* Products */ = {
			isa = PBXGroup;
			children = (
				788FF0B927DF193900E775B2 /* WeatherApp.app */,
			);
			name = Products;
			sourceTree = "<group>";
		};
		788FF0BB27DF193900E775B2 /* WeatherApp */ = {
			isa = PBXGroup;
			children = (
				788FF0BC27DF193900E775B2 /* WeatherAppApp.swift */,
				788FF0DA27E07BA800E775B2 /* Extension.swift */,
				788FF0CD27DF1DC700E775B2 /* Views */,
				788FF0CA27DF1B6600E775B2 /* Managers */,
				788FF0C027DF193E00E775B2 /* Assets.xcassets */,
				788FF0C227DF193E00E775B2 /* Preview Content */,
			);
			path = WeatherApp;
			sourceTree = "<group>";
		};
		788FF0C227DF193E00E775B2 /* Preview Content */ = {
			isa = PBXGroup;
			children = (
				788FF0C327DF193E00E775B2 /* Preview Assets.xcassets */,
				788FF0D627E078DC00E775B2 /* ModelData.swift */,
				788FF0D827E0795F00E775B2 /* weatherData.json */,
			);
			path = "Preview Content";
			sourceTree = "<group>";
		};
		788FF0CA27DF1B6600E775B2 /* Managers */ = {
			isa = PBXGroup;
			children = (
				788FF0CB27DF1B8D00E775B2 /* LocationManager.swift */,
				788FF0D227DF2D1300E775B2 /* WeatherManager.swift */,
			);
			path = Managers;
			sourceTree = "<group>";
		};
		788FF0CD27DF1DC700E775B2 /* Views */ = {
			isa = PBXGroup;
			children = (
				788FF0BE27DF193900E775B2 /* ContentView.swift */,
				788FF0CE27DF1E7900E775B2 /* WelcomeView.swift */,
				788FF0D027DF2AA000E775B2 /* LoadingView.swift */,
				788FF0D427E0780E00E775B2 /* WeatherView.swift */,
			);
			path = Views;
			sourceTree = "<group>";
		};
/* End PBXGroup section */

/* Begin PBXNativeTarget section */
		788FF0B827DF193900E775B2 /* WeatherApp */ = {
			isa = PBXNativeTarget;
			buildConfigurationList = 788FF0C727DF193E00E775B2 /* Build configuration list for PBXNativeTarget "WeatherApp" */;
			buildPhases = (
				788FF0B527DF193900E775B2 /* Sources */,
				788FF0B627DF193900E775B2 /* Frameworks */,
				788FF0B727DF193900E775B2 /* Resources */,
			);
			buildRules = (
			);
			dependencies = (
			);
			name = WeatherApp;
			productName = WeatherApp;
			productReference = 788FF0B927DF193900E775B2 /* WeatherApp.app */;
			productType = "com.apple.product-type.application";
		};
/* End PBXNativeTarget section */

/* Begin PBXProject section */
		788FF0B127DF193900E775B2 /* Project object */ = {
			isa = PBXProject;
			attributes = {
				BuildIndependentTargetsInParallel = 1;
				LastSwiftUpdateCheck = 1320;
				LastUpgradeCheck = 1320;
				TargetAttributes = {
					788FF0B827DF193900E775B2 = {
						CreatedOnToolsVersion = 13.2.1;
					};
				};
			};
			buildConfigurationList = 788FF0B427DF193900E775B2 /* Build configuration list for PBXProject "WeatherApp" */;
			compatibilityVersion = "Xcode 13.0";
			developmentRegion = en;
			hasScannedForEncodings = 0;
			knownRegions = (
				en,
				Base,
			);
			mainGroup = 788FF0B027DF193900E775B2;
			productRefGroup = 788FF0BA27DF193900E775B2 /* Products */;
			projectDirPath = "";
			projectRoot = "";
			targets = (
				788FF0B827DF193900E775B2 /* WeatherApp */,
			);
		};
/* End PBXProject section */

/* Begin PBXResourcesBuildPhase section */
		788FF0B727DF193900E775B2 /* Resources */ = {
			isa = PBXResourcesBuildPhase;
			buildActionMask = 2147483647;
			files = (
				788FF0C427DF193E00E775B2 /* Preview Assets.xcassets in Resources */,
				788FF0D927E0795F00E775B2 /* weatherData.json in Resources */,
				788FF0C127DF193E00E775B2 /* Assets.xcassets in Resources */,
			);
			runOnlyForDeploymentPostprocessing = 0;
		};
/* End PBXResourcesBuildPhase section */

/* Begin PBXSourcesBuildPhase section */
		788FF0B527DF193900E775B2 /* Sources */ = {
			isa = PBXSourcesBuildPhase;
			buildActionMask = 2147483647;
			files = (
				788FF0DB27E07BA800E775B2 /* Extension.swift in Sources */,
				788FF0D327DF2D1300E775B2 /* WeatherManager.swift in Sources */,
				788FF0BF27DF193900E775B2 /* ContentView.swift in Sources */,
				788FF0BD27DF193900E775B2 /* WeatherAppApp.swift in Sources */,
				788FF0CC27DF1B8D00E775B2 /* LocationManager.swift in Sources */,
				788FF0D127DF2AA000E775B2 /* LoadingView.swift in Sources */,
				788FF0D727E078DC00E775B2 /* ModelData.swift in Sources */,
				788FF0D527E0780E00E775B2 /* WeatherView.swift in Sources */,
				788FF0CF27DF1E7900E775B2 /* WelcomeView.swift in Sources */,
			);
			runOnlyForDeploymentPostprocessing = 0;
		};
/* End PBXSourcesBuildPhase section */

/* Begin XCBuildConfiguration section */
		788FF0C527DF193E00E775B2 /* Debug */ = {
			isa = XCBuildConfiguration;
			buildSettings = {
				ALWAYS_SEARCH_USER_PATHS = NO;
				CLANG_ANALYZER_NONNULL = YES;
				CLANG_ANALYZER_NUMBER_OBJECT_CONVERSION = YES_AGGRESSIVE;
				CLANG_CXX_LANGUAGE_STANDARD = "gnu++17";
				CLANG_CXX_LIBRARY = "libc++";
				CLANG_ENABLE_MODULES = YES;
				CLANG_ENABLE_OBJC_ARC = YES;
				CLANG_ENABLE_OBJC_WEAK = YES;
				CLANG_WARN_BLOCK_CAPTURE_AUTORELEASING = YES;
				CLANG_WARN_BOOL_CONVERSION = YES;
				CLANG_WARN_COMMA = YES;
				CLANG_WARN_CONSTANT_CONVERSION = YES;
				CLANG_WARN_DEPRECATED_OBJC_IMPLEMENTATIONS = YES;
				CLANG_WARN_DIRECT_OBJC_ISA_USAGE = YES_ERROR;
				CLANG_WARN_DOCUMENTATION_COMMENTS = YES;
				CLANG_WARN_EMPTY_BODY = YES;
				CLANG_WARN_ENUM_CONVERSION = YES;
				CLANG_WARN_INFINITE_RECURSION = YES;
				CLANG_WARN_INT_CONVERSION = YES;
				CLANG_WARN_NON_LITERAL_NULL_CONVERSION = YES;
				CLANG_WARN_OBJC_IMPLICIT_RETAIN_SELF = YES;
				CLANG_WARN_OBJC_LITERAL_CONVERSION = YES;
				CLANG_WARN_OBJC_ROOT_CLASS = YES_ERROR;
				CLANG_WARN_QUOTED_INCLUDE_IN_FRAMEWORK_HEADER = YES;
				CLANG_WARN_RANGE_LOOP_ANALYSIS = YES;
				CLANG_WARN_STRICT_PROTOTYPES = YES;
				CLANG_WARN_SUSPICIOUS_MOVE = YES;
				CLANG_WARN_UNGUARDED_AVAILABILITY = YES_AGGRESSIVE;
				CLANG_WARN_UNREACHABLE_CODE = YES;
				CLANG_WARN__DUPLICATE_METHOD_MATCH = YES;
				COPY_PHASE_STRIP = NO;
				DEBUG_INFORMATION_FORMAT = dwarf;
				ENABLE_STRICT_OBJC_MSGSEND = YES;
				ENABLE_TESTABILITY = YES;
				GCC_C_LANGUAGE_STANDARD = gnu11;
				GCC_DYNAMIC_NO_PIC = NO;
				GCC_NO_COMMON_BLOCKS = YES;
				GCC_OPTIMIZATION_LEVEL = 0;
				GCC_PREPROCESSOR_DEFINITIONS = (
					"DEBUG=1",
					"$(inherited)",
				);
				GCC_WARN_64_TO_32_BIT_CONVERSION = YES;
				GCC_WARN_ABOUT_RETURN_TYPE = YES_ERROR;
				GCC_WARN_UNDECLARED_SELECTOR = YES;
				GCC_WARN_UNINITIALIZED_AUTOS = YES_AGGRESSIVE;
				GCC_WARN_UNUSED_FUNCTION = YES;
				GCC_WARN_UNUSED_VARIABLE = YES;
				IPHONEOS_DEPLOYMENT_TARGET = 15.2;
				MTL_ENABLE_DEBUG_INFO = INCLUDE_SOURCE;
				MTL_FAST_MATH = YES;
				ONLY_ACTIVE_ARCH = YES;
				SDKROOT = iphoneos;
				SWIFT_ACTIVE_COMPILATION_CONDITIONS = DEBUG;
				SWIFT_OPTIMIZATION_LEVEL = "-Onone";
			};
			name = Debug;
		};
		788FF0C627DF193E00E775B2 /* Release */ = {
			isa = XCBuildConfiguration;
			buildSettings = {
				ALWAYS_SEARCH_USER_PATHS = NO;
				CLANG_ANALYZER_NONNULL = YES;
				CLANG_ANALYZER_NUMBER_OBJECT_CONVERSION = YES_AGGRESSIVE;
				CLANG_CXX_LANGUAGE_STANDARD = "gnu++17";
				CLANG_CXX_LIBRARY = "libc++";
				CLANG_ENABLE_MODULES = YES;
				CLANG_ENABLE_OBJC_ARC = YES;
				CLANG_ENABLE_OBJC_WEAK = YES;
				CLANG_WARN_BLOCK_CAPTURE_AUTORELEASING = YES;
				CLANG_WARN_BOOL_CONVERSION = YES;
				CLANG_WARN_COMMA = YES;
				CLANG_WARN_CONSTANT_CONVERSION = YES;
				CLANG_WARN_DEPRECATED_OBJC_IMPLEMENTATIONS = YES;
				CLANG_WARN_DIRECT_OBJC_ISA_USAGE = YES_ERROR;
				CLANG_WARN_DOCUMENTATION_COMMENTS = YES;
				CLANG_WARN_EMPTY_BODY = YES;
				CLANG_WARN_ENUM_CONVERSION = YES;
				CLANG_WARN_INFINITE_RECURSION = YES;
				CLANG_WARN_INT_CONVERSION = YES;
				CLANG_WARN_NON_LITERAL_NULL_CONVERSION = YES;
				CLANG_WARN_OBJC_IMPLICIT_RETAIN_SELF = YES;
				CLANG_WARN_OBJC_LITERAL_CONVERSION = YES;
				CLANG_WARN_OBJC_ROOT_CLASS = YES_ERROR;
				CLANG_WARN_QUOTED_INCLUDE_IN_FRAMEWORK_HEADER = YES;
				CLANG_WARN_RANGE_LOOP_ANALYSIS = YES;
				CLANG_WARN_STRICT_PROTOTYPES = YES;
				CLANG_WARN_SUSPICIOUS_MOVE = YES;
				CLANG_WARN_UNGUARDED_AVAILABILITY = YES_AGGRESSIVE;
				CLANG_WARN_UNREACHABLE_CODE = YES;
				CLANG_WARN__DUPLICATE_METHOD_MATCH = YES;
				COPY_PHASE_STRIP = NO;
				DEBUG_INFORMATION_FORMAT = "dwarf-with-dsym";
				ENABLE_NS_ASSERTIONS = NO;
				ENABLE_STRICT_OBJC_MSGSEND = YES;
				GCC_C_LANGUAGE_STANDARD = gnu11;
				GCC_NO_COMMON_BLOCKS = YES;
				GCC_WARN_64_TO_32_BIT_CONVERSION = YES;
				GCC_WARN_ABOUT_RETURN_TYPE = YES_ERROR;
				GCC_WARN_UNDECLARED_SELECTOR = YES;
				GCC_WARN_UNINITIALIZED_AUTOS = YES_AGGRESSIVE;
				GCC_WARN_UNUSED_FUNCTION = YES;
				GCC_WARN_UNUSED_VARIABLE = YES;
				IPHONEOS_DEPLOYMENT_TARGET = 15.2;
				MTL_ENABLE_DEBUG_INFO = NO;
				MTL_FAST_MATH = YES;
				SDKROOT = iphoneos;
				SWIFT_COMPILATION_MODE = wholemodule;
				SWIFT_OPTIMIZATION_LEVEL = "-O";
				VALIDATE_PRODUCT = YES;
			};
			name = Release;
		};
		788FF0C827DF193E00E775B2 /* Debug */ = {
			isa = XCBuildConfiguration;
			buildSettings = {
				ASSETCATALOG_COMPILER_APPICON_NAME = AppIcon;
				ASSETCATALOG_COMPILER_GLOBAL_ACCENT_COLOR_NAME = AccentColor;
				CODE_SIGN_STYLE = Automatic;
				CURRENT_PROJECT_VERSION = 1;
				DEVELOPMENT_ASSET_PATHS = "\"WeatherApp/Preview Content\"";
				ENABLE_PREVIEWS = YES;
				GENERATE_INFOPLIST_FILE = YES;
				INFOPLIST_KEY_UIApplicationSceneManifest_Generation = YES;
				INFOPLIST_KEY_UIApplicationSupportsIndirectInputEvents = YES;
				INFOPLIST_KEY_UILaunchScreen_Generation = YES;
				INFOPLIST_KEY_UISupportedInterfaceOrientations_iPad = "UIInterfaceOrientationPortrait UIInterfaceOrientationPortraitUpsideDown UIInterfaceOrientationLandscapeLeft UIInterfaceOrientationLandscapeRight";
				INFOPLIST_KEY_UISupportedInterfaceOrientations_iPhone = "UIInterfaceOrientationPortrait UIInterfaceOrientationLandscapeLeft UIInterfaceOrientationLandscapeRight";
				LD_RUNPATH_SEARCH_PATHS = (
					"$(inherited)",
					"@executable_path/Frameworks",
				);
				MARKETING_VERSION = 1.0;
				PRODUCT_BUNDLE_IDENTIFIER = abay.WeatherApp;
				PRODUCT_NAME = "$(TARGET_NAME)";
				SWIFT_EMIT_LOC_STRINGS = YES;
				SWIFT_VERSION = 5.0;
				TARGETED_DEVICE_FAMILY = "1,2";
			};
			name = Debug;
		};
		788FF0C927DF193E00E775B2 /* Release */ = {
			isa = XCBuildConfiguration;
			buildSettings = {
				ASSETCATALOG_COMPILER_APPICON_NAME = AppIcon;
				ASSETCATALOG_COMPILER_GLOBAL_ACCENT_COLOR_NAME = AccentColor;
				CODE_SIGN_STYLE = Automatic;
				CURRENT_PROJECT_VERSION = 1;
				DEVELOPMENT_ASSET_PATHS = "\"WeatherApp/Preview Content\"";
				ENABLE_PREVIEWS = YES;
				GENERATE_INFOPLIST_FILE = YES;
				INFOPLIST_KEY_UIApplicationSceneManifest_Generation = YES;
				INFOPLIST_KEY_UIApplicationSupportsIndirectInputEvents = YES;
				INFOPLIST_KEY_UILaunchScreen_Generation = YES;
				INFOPLIST_KEY_UISupportedInterfaceOrientations_iPad = "UIInterfaceOrientationPortrait UIInterfaceOrientationPortraitUpsideDown UIInterfaceOrientationLandscapeLeft UIInterfaceOrientationLandscapeRight";
				INFOPLIST_KEY_UISupportedInterfaceOrientations_iPhone = "UIInterfaceOrientationPortrait UIInterfaceOrientationLandscapeLeft UIInterfaceOrientationLandscapeRight";
				LD_RUNPATH_SEARCH_PATHS = (
					"$(inherited)",
					"@executable_path/Frameworks",
				);
				MARKETING_VERSION = 1.0;
				PRODUCT_BUNDLE_IDENTIFIER = abay.WeatherApp;
				PRODUCT_NAME = "$(TARGET_NAME)";
				SWIFT_EMIT_LOC_STRINGS = YES;
				SWIFT_VERSION = 5.0;
				TARGETED_DEVICE_FAMILY = "1,2";
			};
			name = Release;
		};
/* End XCBuildConfiguration section */

/* Begin XCConfigurationList section */
		788FF0B427DF193900E775B2 /* Build configuration list for PBXProject "WeatherApp" */ = {
			isa = XCConfigurationList;
			buildConfigurations = (
				788FF0C527DF193E00E775B2 /* Debug */,
				788FF0C627DF193E00E775B2 /* Release */,
			);
			defaultConfigurationIsVisible = 0;
			defaultConfigurationName = Release;
		};
		788FF0C727DF193E00E775B2 /* Build configuration list for PBXNativeTarget "WeatherApp" */ = {
			isa = XCConfigurationList;
			buildConfigurations = (
				788FF0C827DF193E00E775B2 /* Debug */,
				788FF0C927DF193E00E775B2 /* Release */,
			);
			defaultConfigurationIsVisible = 0;
			defaultConfigurationName = Release;
		};
/* End XCConfigurationList section */
	};
	rootObject = 788FF0B127DF193900E775B2 /* Project object */;
}
